{
  "name": "root",
  "requires": true,
  "lockfileVersion": 1,
  "dependencies": {
    "@jekinsd/utils": {
      "version": "0.0.3",
      "resolved": "https://registry.npmjs.org/@jekinsd/utils/-/utils-0.0.3.tgz",
      "integrity": "sha512-9+m3BqQpSS1zkD8I5Y3d+Y7G7hWKbhAZKNa3Kq6QpEQwVzqiNM05vvXJinWchfnvE1LKnDryRNdHfDzxg6qkBg=="
    }
  }
}
