# THIS IS AN AUTOGENERATED FILE. DO NOT EDIT THIS FILE DIRECTLY.
# yarn lockfile v1


"@jekinsd/utils@^0.0.9yarn":
  version "0.0.9"
  resolved "https://registry.yarnpkg.com/@jekinsd/utils/-/utils-0.0.9.tgz#d66ab671cf9bca69667f84df352873208a620478"
  integrity sha512-fMlOOc1sHlldVBy6gpbvrLXdyQtLZGi1CeMW+U/033y5KNgsHmC9lqqxmy/uD8nQ00XamfwQT0P+Ho26jJb89Q==
